{
    "requires": true,
    "lockfileVersion": 1,
    "dependencies": {
        "@types/three": {
            "version": "0.93.28",
            "resolved": "https://registry.npmjs.org/@types/three/-/three-0.93.28.tgz",
            "integrity": "sha512-by65PS1Ziy6JL7f6a/kSXapmm5HMXQpzKAdg4MGk/RDhbwIClzCJezLRdYKPo4QJp8WwtgRSFuQO9XBHil+auw=="
        }
    }
}
